
Microsoft Visual Studio Solution File, Format Version 11.00
# Visual C# Express 2010
Project("{FAE04EC0-301F-11D3-BF4B-00C04F79EFBC}") = "ita-sync", "ita-sync\ita-sync.csproj", "{FDFE7B56-F18D-4041-AA1D-91BBFD5E8A85}"
	ProjectSection(ProjectDependencies) = postProject
		{F1E2C41D-8A1C-402E-9F75-0F8077E3D86D} = {F1E2C41D-8A1C-402E-9F75-0F8077E3D86D}
		{9C9C0EA1-306F-415A-B42D-717C02B9CD7E} = {9C9C0EA1-306F-415A-B42D-717C02B9CD7E}
		{6BB762C5-A39F-4CF1-8B48-C6FA225F80D4} = {6BB762C5-A39F-4CF1-8B48-C6FA225F80D4}
	EndProjectSection
EndProject
Project("{FAE04EC0-301F-11D3-BF4B-00C04F79EFBC}") = "ita-domain-model", "ita-domain-model\ita-domain-model.csproj", "{9C9C0EA1-306F-415A-B42D-717C02B9CD7E}"
EndProject
Project("{FAE04EC0-301F-11D3-BF4B-00C04F79EFBC}") = "ita-itunes-test", "ita-itunes-test\ita-itunes-test.csproj", "{DA9074FC-E55F-4163-8D62-C224FC2DAB6F}"
EndProject
Project("{FAE04EC0-301F-11D3-BF4B-00C04F79EFBC}") = "ita-itunes", "ita-itunes\ita-itunes.csproj", "{F1E2C41D-8A1C-402E-9F75-0F8077E3D86D}"
	ProjectSection(ProjectDependencies) = postProject
		{9C9C0EA1-306F-415A-B42D-717C02B9CD7E} = {9C9C0EA1-306F-415A-B42D-717C02B9CD7E}
	EndProjectSection
EndProject
Project("{FAE04EC0-301F-11D3-BF4B-00C04F79EFBC}") = "ita-media-connectors", "ita-media-connectors\ita-media-connectors.csproj", "{6BB762C5-A39F-4CF1-8B48-C6FA225F80D4}"
	ProjectSection(ProjectDependencies) = postProject
		{9C9C0EA1-306F-415A-B42D-717C02B9CD7E} = {9C9C0EA1-306F-415A-B42D-717C02B9CD7E}
	EndProjectSection
EndProject
Project("{FAE04EC0-301F-11D3-BF4B-00C04F79EFBC}") = "ita-media-connectors-tests", "ita-media-connectors-tests\ita-media-connectors-tests.csproj", "{63D60D22-1A89-44CA-9395-5D2643548E18}"
EndProject
Project("{FAE04EC0-301F-11D3-BF4B-00C04F79EFBC}") = "ita-domain-model-tests", "ita-domain-model-tests\ita-domain-model-tests.csproj", "{5E3759A8-79BD-4944-8468-19FE736FFC60}"
EndProject
Project("{FAE04EC0-301F-11D3-BF4B-00C04F79EFBC}") = "ita-ui", "ita-ui\ita-ui.csproj", "{F4099758-4C03-488D-B173-AC0BBEBC0478}"
	ProjectSection(ProjectDependencies) = postProject
		{F1E2C41D-8A1C-402E-9F75-0F8077E3D86D} = {F1E2C41D-8A1C-402E-9F75-0F8077E3D86D}
		{FDFE7B56-F18D-4041-AA1D-91BBFD5E8A85} = {FDFE7B56-F18D-4041-AA1D-91BBFD5E8A85}
		{9C9C0EA1-306F-415A-B42D-717C02B9CD7E} = {9C9C0EA1-306F-415A-B42D-717C02B9CD7E}
		{6BB762C5-A39F-4CF1-8B48-C6FA225F80D4} = {6BB762C5-A39F-4CF1-8B48-C6FA225F80D4}
	EndProjectSection
EndProject
Project("{FAE04EC0-301F-11D3-BF4B-00C04F79EFBC}") = "ita-sync-tests", "ita-sync-tests\ita-sync-tests.csproj", "{E40C8EAD-5D0C-483E-B1AA-12C9C88D08E7}"
EndProject
Project("{FAE04EC0-301F-11D3-BF4B-00C04F79EFBC}") = "ita-ui-test", "ita-ui-test\ita-ui-test.csproj", "{B154D805-DB97-4D3C-9F2D-A6FE19F05AAC}"
EndProject
Global
	GlobalSection(SolutionConfigurationPlatforms) = preSolution
		Debug Testing|Any CPU = Debug Testing|Any CPU
		Debug Testing|x86 = Debug Testing|x86
		Debug|Any CPU = Debug|Any CPU
		Debug|x86 = Debug|x86
		Release|Any CPU = Release|Any CPU
		Release|x86 = Release|x86
	EndGlobalSection
	GlobalSection(ProjectConfigurationPlatforms) = postSolution
		{FDFE7B56-F18D-4041-AA1D-91BBFD5E8A85}.Debug Testing|Any CPU.ActiveCfg = Debug|Any CPU
		{FDFE7B56-F18D-4041-AA1D-91BBFD5E8A85}.Debug Testing|Any CPU.Build.0 = Debug|Any CPU
		{FDFE7B56-F18D-4041-AA1D-91BBFD5E8A85}.Debug Testing|x86.ActiveCfg = Debug|x86
		{FDFE7B56-F18D-4041-AA1D-91BBFD5E8A85}.Debug Testing|x86.Build.0 = Debug|x86
		{FDFE7B56-F18D-4041-AA1D-91BBFD5E8A85}.Debug|Any CPU.ActiveCfg = Debug|x86
		{FDFE7B56-F18D-4041-AA1D-91BBFD5E8A85}.Debug|Any CPU.Build.0 = Debug|x86
		{FDFE7B56-F18D-4041-AA1D-91BBFD5E8A85}.Debug|x86.ActiveCfg = Debug|x86
		{FDFE7B56-F18D-4041-AA1D-91BBFD5E8A85}.Debug|x86.Build.0 = Debug|x86
		{FDFE7B56-F18D-4041-AA1D-91BBFD5E8A85}.Release|Any CPU.ActiveCfg = Release|Any CPU
		{FDFE7B56-F18D-4041-AA1D-91BBFD5E8A85}.Release|Any CPU.Build.0 = Release|Any CPU
		{FDFE7B56-F18D-4041-AA1D-91BBFD5E8A85}.Release|x86.ActiveCfg = Release|x86
		{FDFE7B56-F18D-4041-AA1D-91BBFD5E8A85}.Release|x86.Build.0 = Release|x86
		{9C9C0EA1-306F-415A-B42D-717C02B9CD7E}.Debug Testing|Any CPU.ActiveCfg = Debug|Any CPU
		{9C9C0EA1-306F-415A-B42D-717C02B9CD7E}.Debug Testing|Any CPU.Build.0 = Debug|Any CPU
		{9C9C0EA1-306F-415A-B42D-717C02B9CD7E}.Debug Testing|x86.ActiveCfg = Debug|x86
		{9C9C0EA1-306F-415A-B42D-717C02B9CD7E}.Debug Testing|x86.Build.0 = Debug|x86
		{9C9C0EA1-306F-415A-B42D-717C02B9CD7E}.Debug|Any CPU.ActiveCfg = Debug|x86
		{9C9C0EA1-306F-415A-B42D-717C02B9CD7E}.Debug|Any CPU.Build.0 = Debug|x86
		{9C9C0EA1-306F-415A-B42D-717C02B9CD7E}.Debug|x86.ActiveCfg = Debug|x86
		{9C9C0EA1-306F-415A-B42D-717C02B9CD7E}.Debug|x86.Build.0 = Debug|x86
		{9C9C0EA1-306F-415A-B42D-717C02B9CD7E}.Release|Any CPU.ActiveCfg = Release|Any CPU
		{9C9C0EA1-306F-415A-B42D-717C02B9CD7E}.Release|Any CPU.Build.0 = Release|Any CPU
		{9C9C0EA1-306F-415A-B42D-717C02B9CD7E}.Release|x86.ActiveCfg = Release|x86
		{9C9C0EA1-306F-415A-B42D-717C02B9CD7E}.Release|x86.Build.0 = Release|x86
		{DA9074FC-E55F-4163-8D62-C224FC2DAB6F}.Debug Testing|Any CPU.ActiveCfg = Debug|Any CPU
		{DA9074FC-E55F-4163-8D62-C224FC2DAB6F}.Debug Testing|Any CPU.Build.0 = Debug|Any CPU
		{DA9074FC-E55F-4163-8D62-C224FC2DAB6F}.Debug Testing|x86.ActiveCfg = Debug|x86
		{DA9074FC-E55F-4163-8D62-C224FC2DAB6F}.Debug Testing|x86.Build.0 = Debug|x86
		{DA9074FC-E55F-4163-8D62-C224FC2DAB6F}.Debug|Any CPU.ActiveCfg = Debug|Any CPU
		{DA9074FC-E55F-4163-8D62-C224FC2DAB6F}.Debug|Any CPU.Build.0 = Debug|Any CPU
		{DA9074FC-E55F-4163-8D62-C224FC2DAB6F}.Debug|x86.ActiveCfg = Debug|Any CPU
		{DA9074FC-E55F-4163-8D62-C224FC2DAB6F}.Debug|x86.Build.0 = Debug|Any CPU
		{DA9074FC-E55F-4163-8D62-C224FC2DAB6F}.Release|Any CPU.ActiveCfg = Release|Any CPU
		{DA9074FC-E55F-4163-8D62-C224FC2DAB6F}.Release|Any CPU.Build.0 = Release|Any CPU
		{DA9074FC-E55F-4163-8D62-C224FC2DAB6F}.Release|x86.ActiveCfg = Release|x86
		{DA9074FC-E55F-4163-8D62-C224FC2DAB6F}.Release|x86.Build.0 = Release|x86
		{F1E2C41D-8A1C-402E-9F75-0F8077E3D86D}.Debug Testing|Any CPU.ActiveCfg = Debug|Any CPU
		{F1E2C41D-8A1C-402E-9F75-0F8077E3D86D}.Debug Testing|Any CPU.Build.0 = Debug|Any CPU
		{F1E2C41D-8A1C-402E-9F75-0F8077E3D86D}.Debug Testing|x86.ActiveCfg = Debug|x86
		{F1E2C41D-8A1C-402E-9F75-0F8077E3D86D}.Debug Testing|x86.Build.0 = Debug|x86
		{F1E2C41D-8A1C-402E-9F75-0F8077E3D86D}.Debug|Any CPU.ActiveCfg = Debug|x86
		{F1E2C41D-8A1C-402E-9F75-0F8077E3D86D}.Debug|Any CPU.Build.0 = Debug|x86
		{F1E2C41D-8A1C-402E-9F75-0F8077E3D86D}.Debug|x86.ActiveCfg = Debug|x86
		{F1E2C41D-8A1C-402E-9F75-0F8077E3D86D}.Debug|x86.Build.0 = Debug|x86
		{F1E2C41D-8A1C-402E-9F75-0F8077E3D86D}.Release|Any CPU.ActiveCfg = Release|Any CPU
		{F1E2C41D-8A1C-402E-9F75-0F8077E3D86D}.Release|Any CPU.Build.0 = Release|Any CPU
		{F1E2C41D-8A1C-402E-9F75-0F8077E3D86D}.Release|x86.ActiveCfg = Release|x86
		{F1E2C41D-8A1C-402E-9F75-0F8077E3D86D}.Release|x86.Build.0 = Release|x86
		{6BB762C5-A39F-4CF1-8B48-C6FA225F80D4}.Debug Testing|Any CPU.ActiveCfg = Debug|Any CPU
		{6BB762C5-A39F-4CF1-8B48-C6FA225F80D4}.Debug Testing|Any CPU.Build.0 = Debug|Any CPU
		{6BB762C5-A39F-4CF1-8B48-C6FA225F80D4}.Debug Testing|x86.ActiveCfg = Debug|x86
		{6BB762C5-A39F-4CF1-8B48-C6FA225F80D4}.Debug Testing|x86.Build.0 = Debug|x86
		{6BB762C5-A39F-4CF1-8B48-C6FA225F80D4}.Debug|Any CPU.ActiveCfg = Debug|x86
		{6BB762C5-A39F-4CF1-8B48-C6FA225F80D4}.Debug|Any CPU.Build.0 = Debug|x86
		{6BB762C5-A39F-4CF1-8B48-C6FA225F80D4}.Debug|x86.ActiveCfg = Debug|x86
		{6BB762C5-A39F-4CF1-8B48-C6FA225F80D4}.Debug|x86.Build.0 = Debug|x86
		{6BB762C5-A39F-4CF1-8B48-C6FA225F80D4}.Release|Any CPU.ActiveCfg = Release|Any CPU
		{6BB762C5-A39F-4CF1-8B48-C6FA225F80D4}.Release|Any CPU.Build.0 = Release|Any CPU
		{6BB762C5-A39F-4CF1-8B48-C6FA225F80D4}.Release|x86.ActiveCfg = Release|x86
		{6BB762C5-A39F-4CF1-8B48-C6FA225F80D4}.Release|x86.Build.0 = Release|x86
		{63D60D22-1A89-44CA-9395-5D2643548E18}.Debug Testing|Any CPU.ActiveCfg = Debug|Any CPU
		{63D60D22-1A89-44CA-9395-5D2643548E18}.Debug Testing|Any CPU.Build.0 = Debug|Any CPU
		{63D60D22-1A89-44CA-9395-5D2643548E18}.Debug Testing|x86.ActiveCfg = Debug|x86
		{63D60D22-1A89-44CA-9395-5D2643548E18}.Debug Testing|x86.Build.0 = Debug|x86
		{63D60D22-1A89-44CA-9395-5D2643548E18}.Debug|Any CPU.ActiveCfg = Debug|Any CPU
		{63D60D22-1A89-44CA-9395-5D2643548E18}.Debug|Any CPU.Build.0 = Debug|Any CPU
		{63D60D22-1A89-44CA-9395-5D2643548E18}.Debug|x86.ActiveCfg = Debug|Any CPU
		{63D60D22-1A89-44CA-9395-5D2643548E18}.Debug|x86.Build.0 = Debug|Any CPU
		{63D60D22-1A89-44CA-9395-5D2643548E18}.Release|Any CPU.ActiveCfg = Release|Any CPU
		{63D60D22-1A89-44CA-9395-5D2643548E18}.Release|Any CPU.Build.0 = Release|Any CPU
		{63D60D22-1A89-44CA-9395-5D2643548E18}.Release|x86.ActiveCfg = Release|x86
		{63D60D22-1A89-44CA-9395-5D2643548E18}.Release|x86.Build.0 = Release|x86
		{5E3759A8-79BD-4944-8468-19FE736FFC60}.Debug Testing|Any CPU.ActiveCfg = Debug|Any CPU
		{5E3759A8-79BD-4944-8468-19FE736FFC60}.Debug Testing|Any CPU.Build.0 = Debug|Any CPU
		{5E3759A8-79BD-4944-8468-19FE736FFC60}.Debug Testing|x86.ActiveCfg = Debug|x86
		{5E3759A8-79BD-4944-8468-19FE736FFC60}.Debug Testing|x86.Build.0 = Debug|x86
		{5E3759A8-79BD-4944-8468-19FE736FFC60}.Debug|Any CPU.ActiveCfg = Debug|Any CPU
		{5E3759A8-79BD-4944-8468-19FE736FFC60}.Debug|Any CPU.Build.0 = Debug|Any CPU
		{5E3759A8-79BD-4944-8468-19FE736FFC60}.Debug|x86.ActiveCfg = Debug|Any CPU
		{5E3759A8-79BD-4944-8468-19FE736FFC60}.Debug|x86.Build.0 = Debug|Any CPU
		{5E3759A8-79BD-4944-8468-19FE736FFC60}.Release|Any CPU.ActiveCfg = Release|Any CPU
		{5E3759A8-79BD-4944-8468-19FE736FFC60}.Release|Any CPU.Build.0 = Release|Any CPU
		{5E3759A8-79BD-4944-8468-19FE736FFC60}.Release|x86.ActiveCfg = Release|x86
		{5E3759A8-79BD-4944-8468-19FE736FFC60}.Release|x86.Build.0 = Release|x86
		{F4099758-4C03-488D-B173-AC0BBEBC0478}.Debug Testing|Any CPU.ActiveCfg = Debug|Any CPU
		{F4099758-4C03-488D-B173-AC0BBEBC0478}.Debug Testing|Any CPU.Build.0 = Debug|Any CPU
		{F4099758-4C03-488D-B173-AC0BBEBC0478}.Debug Testing|x86.ActiveCfg = Debug Testing|x86
		{F4099758-4C03-488D-B173-AC0BBEBC0478}.Debug Testing|x86.Build.0 = Debug Testing|x86
		{F4099758-4C03-488D-B173-AC0BBEBC0478}.Debug|Any CPU.ActiveCfg = Debug|x86
		{F4099758-4C03-488D-B173-AC0BBEBC0478}.Debug|Any CPU.Build.0 = Debug|x86
		{F4099758-4C03-488D-B173-AC0BBEBC0478}.Debug|x86.ActiveCfg = Debug|x86
		{F4099758-4C03-488D-B173-AC0BBEBC0478}.Debug|x86.Build.0 = Debug|x86
		{F4099758-4C03-488D-B173-AC0BBEBC0478}.Release|Any CPU.ActiveCfg = Release|Any CPU
		{F4099758-4C03-488D-B173-AC0BBEBC0478}.Release|Any CPU.Build.0 = Release|Any CPU
		{F4099758-4C03-488D-B173-AC0BBEBC0478}.Release|x86.ActiveCfg = Release|x86
		{F4099758-4C03-488D-B173-AC0BBEBC0478}.Release|x86.Build.0 = Release|x86
		{E40C8EAD-5D0C-483E-B1AA-12C9C88D08E7}.Debug Testing|Any CPU.ActiveCfg = Debug|Any CPU
		{E40C8EAD-5D0C-483E-B1AA-12C9C88D08E7}.Debug Testing|Any CPU.Build.0 = Debug|Any CPU
		{E40C8EAD-5D0C-483E-B1AA-12C9C88D08E7}.Debug Testing|x86.ActiveCfg = Debug|x86
		{E40C8EAD-5D0C-483E-B1AA-12C9C88D08E7}.Debug Testing|x86.Build.0 = Debug|x86
		{E40C8EAD-5D0C-483E-B1AA-12C9C88D08E7}.Debug|Any CPU.ActiveCfg = Debug|Any CPU
		{E40C8EAD-5D0C-483E-B1AA-12C9C88D08E7}.Debug|Any CPU.Build.0 = Debug|Any CPU
		{E40C8EAD-5D0C-483E-B1AA-12C9C88D08E7}.Debug|x86.ActiveCfg = Debug|Any CPU
		{E40C8EAD-5D0C-483E-B1AA-12C9C88D08E7}.Debug|x86.Build.0 = Debug|Any CPU
		{E40C8EAD-5D0C-483E-B1AA-12C9C88D08E7}.Release|Any CPU.ActiveCfg = Release|Any CPU
		{E40C8EAD-5D0C-483E-B1AA-12C9C88D08E7}.Release|Any CPU.Build.0 = Release|Any CPU
		{E40C8EAD-5D0C-483E-B1AA-12C9C88D08E7}.Release|x86.ActiveCfg = Release|x86
		{E40C8EAD-5D0C-483E-B1AA-12C9C88D08E7}.Release|x86.Build.0 = Release|x86
		{B154D805-DB97-4D3C-9F2D-A6FE19F05AAC}.Debug Testing|Any CPU.ActiveCfg = Debug|Any CPU
		{B154D805-DB97-4D3C-9F2D-A6FE19F05AAC}.Debug Testing|Any CPU.Build.0 = Debug|Any CPU
		{B154D805-DB97-4D3C-9F2D-A6FE19F05AAC}.Debug Testing|x86.ActiveCfg = Debug|x86
		{B154D805-DB97-4D3C-9F2D-A6FE19F05AAC}.Debug Testing|x86.Build.0 = Debug|x86
		{B154D805-DB97-4D3C-9F2D-A6FE19F05AAC}.Debug|Any CPU.ActiveCfg = Debug|Any CPU
		{B154D805-DB97-4D3C-9F2D-A6FE19F05AAC}.Debug|Any CPU.Build.0 = Debug|Any CPU
		{B154D805-DB97-4D3C-9F2D-A6FE19F05AAC}.Debug|x86.ActiveCfg = Debug|Any CPU
		{B154D805-DB97-4D3C-9F2D-A6FE19F05AAC}.Debug|x86.Build.0 = Debug|Any CPU
		{B154D805-DB97-4D3C-9F2D-A6FE19F05AAC}.Release|Any CPU.ActiveCfg = Release|Any CPU
		{B154D805-DB97-4D3C-9F2D-A6FE19F05AAC}.Release|Any CPU.Build.0 = Release|Any CPU
		{B154D805-DB97-4D3C-9F2D-A6FE19F05AAC}.Release|x86.ActiveCfg = Release|Any CPU
	EndGlobalSection
	GlobalSection(SolutionProperties) = preSolution
		HideSolutionNode = FALSE
	EndGlobalSection
	GlobalSection(SubversionScc) = preSolution
		Svn-Managed = True
		Manager = AnkhSVN - Subversion Support for Visual Studio
	EndGlobalSection
EndGlobal
